
Microsoft Visual Studio Solution File, Format Version 12.00
# Visual Studio Version 16
VisualStudioVersion = 16.0.30204.135
MinimumVisualStudioVersion = 10.0.40219.1
Project("{FAE04EC0-301F-11D3-BF4B-00C04F79EFBC}") = "ZohoApp.App", "ZohoApp.App\ZohoApp.App.csproj", "{467AD3F8-4479-4DBF-B4BF-AC80A5ABB979}"
EndProject
Project("{FAE04EC0-301F-11D3-BF4B-00C04F79EFBC}") = "ZohoApp.TestApp", "ZohoApp.TestApp\ZohoApp.TestApp.csproj", "{A0C42961-7A8A-423D-A559-E8DF69AE1F99}"
EndProject
Global
	GlobalSection(SolutionConfigurationPlatforms) = preSolution
		Debug|Any CPU = Debug|Any CPU
		Release|Any CPU = Release|Any CPU
	EndGlobalSection
	GlobalSection(ProjectConfigurationPlatforms) = postSolution
		{467AD3F8-4479-4DBF-B4BF-AC80A5ABB979}.Debug|Any CPU.ActiveCfg = Debug|Any CPU
		{467AD3F8-4479-4DBF-B4BF-AC80A5ABB979}.Debug|Any CPU.Build.0 = Debug|Any CPU
		{467AD3F8-4479-4DBF-B4BF-AC80A5ABB979}.Release|Any CPU.ActiveCfg = Release|Any CPU
		{467AD3F8-4479-4DBF-B4BF-AC80A5ABB979}.Release|Any CPU.Build.0 = Release|Any CPU
		{A0C42961-7A8A-423D-A559-E8DF69AE1F99}.Debug|Any CPU.ActiveCfg = Debug|Any CPU
		{A0C42961-7A8A-423D-A559-E8DF69AE1F99}.Debug|Any CPU.Build.0 = Debug|Any CPU
		{A0C42961-7A8A-423D-A559-E8DF69AE1F99}.Release|Any CPU.ActiveCfg = Release|Any CPU
		{A0C42961-7A8A-423D-A559-E8DF69AE1F99}.Release|Any CPU.Build.0 = Release|Any CPU
	EndGlobalSection
	GlobalSection(SolutionProperties) = preSolution
		HideSolutionNode = FALSE
	EndGlobalSection
	GlobalSection(ExtensibilityGlobals) = postSolution
		SolutionGuid = {6307E0C4-2505-4B5E-A140-0D67EC7B50FA}
	EndGlobalSection
EndGlobal
